
Microsoft Visual Studio Solution File, Format Version 12.00
# Visual Studio 14
VisualStudioVersion = 14.0.24720.0
MinimumVisualStudioVersion = 10.0.40219.1
Project("{8BC9CEB8-8B4A-11D0-8D11-00A0C91BC942}") = "TestForC", "TestForC\TestForC.vcxproj", "{46C92F36-B9CB-43E3-9EFE-1EF2AAF5FB21}"
EndProject
Project("{8BC9CEB8-8B4A-11D0-8D11-00A0C91BC942}") = "study_for_loop", "study_for_loop\study_for_loop.vcxproj", "{E489FBC4-10A5-45B7-B7B7-878C672DD6EA}"
EndProject
Project("{8BC9CEB8-8B4A-11D0-8D11-00A0C91BC942}") = "1", "1\1.vcxproj", "{C680265D-E684-4722-A199-337B8C20AE1E}"
EndProject
Project("{8BC9CEB8-8B4A-11D0-8D11-00A0C91BC942}") = "chengfabiao2", "chengfabiao 2\chengfabiao 2.vcxproj", "{673FCFC5-B530-48D6-983A-56D794345D4D}"
EndProject
Project("{8BC9CEB8-8B4A-11D0-8D11-00A0C91BC942}") = "chenfabiao1", "chenfabiao1\chenfabiao1.vcxproj", "{C2B5BE56-D762-4543-87A6-366BAC346B64}"
EndProject
Project("{8BC9CEB8-8B4A-11D0-8D11-00A0C91BC942}") = "shuru1", "chenfabiao3\chenfabiao3.vcxproj", "{9A8BBC8E-CD74-4407-900F-118A804E9600}"
EndProject
Project("{8BC9CEB8-8B4A-11D0-8D11-00A0C91BC942}") = "chenfabiao4", "chenfabiao4\chenfabiao4.vcxproj", "{46F6264F-9294-4F9B-924F-C65520F0E400}"
EndProject
Project("{8BC9CEB8-8B4A-11D0-8D11-00A0C91BC942}") = "sanmu yunsuan1", "sanmu yunsuan1\sanmu yunsuan1.vcxproj", "{A1C54097-56D9-4DC8-A97D-09076EA95F80}"
EndProject
Project("{8BC9CEB8-8B4A-11D0-8D11-00A0C91BC942}") = "if-else 1", "if-else 1\if-else 1.vcxproj", "{CF7BEE94-5719-4DA1-B8E0-ACE48B187D63}"
EndProject
Project("{8BC9CEB8-8B4A-11D0-8D11-00A0C91BC942}") = "if-eles 2", "if-eles 2\if-eles 2.vcxproj", "{656E3F61-B37B-4850-A34C-17EEADA72D1B}"
EndProject
Project("{8BC9CEB8-8B4A-11D0-8D11-00A0C91BC942}") = "for 1", "for 1\for 1.vcxproj", "{BC96F2C8-1FD4-4E7D-8032-A45A5F7A635A}"
EndProject
Project("{8BC9CEB8-8B4A-11D0-8D11-00A0C91BC942}") = "for 2", "for 2\for 2.vcxproj", "{A280CF82-6205-4F76-9526-389DFDAFF7C3}"
EndProject
Project("{8BC9CEB8-8B4A-11D0-8D11-00A0C91BC942}") = "chenfabiao 5", "chenfabiao 5\chenfabiao 5.vcxproj", "{401D92E9-CA3A-4DC9-94DB-0DD138C72EE8}"
EndProject
Project("{8BC9CEB8-8B4A-11D0-8D11-00A0C91BC942}") = "switch  1", "switch  1\switch  1.vcxproj", "{4EB8D1A7-0D9D-4937-955F-9A6730F952FE}"
EndProject
Project("{8BC9CEB8-8B4A-11D0-8D11-00A0C91BC942}") = "continue 1", "continue 1\continue 1.vcxproj", "{F5D50254-26A6-4AA7-A449-714C67FA1732}"
EndProject
Project("{8BC9CEB8-8B4A-11D0-8D11-00A0C91BC942}") = "switch 1", "switch 1\switch 1.vcxproj", "{CD05ABDF-6AC7-4ED7-B1AE-F9004F578901}"
EndProject
Project("{8BC9CEB8-8B4A-11D0-8D11-00A0C91BC942}") = "address 1", "address 1\address 1.vcxproj", "{7F1987A2-328C-4B4E-AB97-F432651453AD}"
EndProject
Project("{8BC9CEB8-8B4A-11D0-8D11-00A0C91BC942}") = "address 2", "address 2\address 2.vcxproj", "{4A61A544-0514-400E-B8D3-CAAFCC201BC9}"
EndProject
Project("{8BC9CEB8-8B4A-11D0-8D11-00A0C91BC942}") = "adddress 3", "adddress 3\adddress 3.vcxproj", "{BE29FA34-B9F5-43FF-B2B7-07E510B58702}"
EndProject
Project("{8BC9CEB8-8B4A-11D0-8D11-00A0C91BC942}") = "erwei 1", "erwei 1\erwei 1.vcxproj", "{62F23293-CB5C-4AF2-AEB9-ED18CF2D35E8}"
EndProject
Global
	GlobalSection(SolutionConfigurationPlatforms) = preSolution
		Debug|x64 = Debug|x64
		Debug|x86 = Debug|x86
		Release|x64 = Release|x64
		Release|x86 = Release|x86
	EndGlobalSection
	GlobalSection(ProjectConfigurationPlatforms) = postSolution
		{46C92F36-B9CB-43E3-9EFE-1EF2AAF5FB21}.Debug|x64.ActiveCfg = Debug|x64
		{46C92F36-B9CB-43E3-9EFE-1EF2AAF5FB21}.Debug|x64.Build.0 = Debug|x64
		{46C92F36-B9CB-43E3-9EFE-1EF2AAF5FB21}.Debug|x86.ActiveCfg = Debug|Win32
		{46C92F36-B9CB-43E3-9EFE-1EF2AAF5FB21}.Debug|x86.Build.0 = Debug|Win32
		{46C92F36-B9CB-43E3-9EFE-1EF2AAF5FB21}.Release|x64.ActiveCfg = Release|x64
		{46C92F36-B9CB-43E3-9EFE-1EF2AAF5FB21}.Release|x64.Build.0 = Release|x64
		{46C92F36-B9CB-43E3-9EFE-1EF2AAF5FB21}.Release|x86.ActiveCfg = Release|Win32
		{46C92F36-B9CB-43E3-9EFE-1EF2AAF5FB21}.Release|x86.Build.0 = Release|Win32
		{E489FBC4-10A5-45B7-B7B7-878C672DD6EA}.Debug|x64.ActiveCfg = Debug|x64
		{E489FBC4-10A5-45B7-B7B7-878C672DD6EA}.Debug|x64.Build.0 = Debug|x64
		{E489FBC4-10A5-45B7-B7B7-878C672DD6EA}.Debug|x86.ActiveCfg = Debug|Win32
		{E489FBC4-10A5-45B7-B7B7-878C672DD6EA}.Debug|x86.Build.0 = Debug|Win32
		{E489FBC4-10A5-45B7-B7B7-878C672DD6EA}.Release|x64.ActiveCfg = Release|x64
		{E489FBC4-10A5-45B7-B7B7-878C672DD6EA}.Release|x64.Build.0 = Release|x64
		{E489FBC4-10A5-45B7-B7B7-878C672DD6EA}.Release|x86.ActiveCfg = Release|Win32
		{E489FBC4-10A5-45B7-B7B7-878C672DD6EA}.Release|x86.Build.0 = Release|Win32
		{C680265D-E684-4722-A199-337B8C20AE1E}.Debug|x64.ActiveCfg = Debug|x64
		{C680265D-E684-4722-A199-337B8C20AE1E}.Debug|x64.Build.0 = Debug|x64
		{C680265D-E684-4722-A199-337B8C20AE1E}.Debug|x86.ActiveCfg = Debug|Win32
		{C680265D-E684-4722-A199-337B8C20AE1E}.Debug|x86.Build.0 = Debug|Win32
		{C680265D-E684-4722-A199-337B8C20AE1E}.Release|x64.ActiveCfg = Release|x64
		{C680265D-E684-4722-A199-337B8C20AE1E}.Release|x64.Build.0 = Release|x64
		{C680265D-E684-4722-A199-337B8C20AE1E}.Release|x86.ActiveCfg = Release|Win32
		{C680265D-E684-4722-A199-337B8C20AE1E}.Release|x86.Build.0 = Release|Win32
		{673FCFC5-B530-48D6-983A-56D794345D4D}.Debug|x64.ActiveCfg = Debug|x64
		{673FCFC5-B530-48D6-983A-56D794345D4D}.Debug|x64.Build.0 = Debug|x64
		{673FCFC5-B530-48D6-983A-56D794345D4D}.Debug|x86.ActiveCfg = Debug|Win32
		{673FCFC5-B530-48D6-983A-56D794345D4D}.Debug|x86.Build.0 = Debug|Win32
		{673FCFC5-B530-48D6-983A-56D794345D4D}.Release|x64.ActiveCfg = Release|x64
		{673FCFC5-B530-48D6-983A-56D794345D4D}.Release|x64.Build.0 = Release|x64
		{673FCFC5-B530-48D6-983A-56D794345D4D}.Release|x86.ActiveCfg = Release|Win32
		{673FCFC5-B530-48D6-983A-56D794345D4D}.Release|x86.Build.0 = Release|Win32
		{C2B5BE56-D762-4543-87A6-366BAC346B64}.Debug|x64.ActiveCfg = Debug|x64
		{C2B5BE56-D762-4543-87A6-366BAC346B64}.Debug|x64.Build.0 = Debug|x64
		{C2B5BE56-D762-4543-87A6-366BAC346B64}.Debug|x86.ActiveCfg = Debug|Win32
		{C2B5BE56-D762-4543-87A6-366BAC346B64}.Debug|x86.Build.0 = Debug|Win32
		{C2B5BE56-D762-4543-87A6-366BAC346B64}.Release|x64.ActiveCfg = Release|x64
		{C2B5BE56-D762-4543-87A6-366BAC346B64}.Release|x64.Build.0 = Release|x64
		{C2B5BE56-D762-4543-87A6-366BAC346B64}.Release|x86.ActiveCfg = Release|Win32
		{C2B5BE56-D762-4543-87A6-366BAC346B64}.Release|x86.Build.0 = Release|Win32
		{9A8BBC8E-CD74-4407-900F-118A804E9600}.Debug|x64.ActiveCfg = Debug|x64
		{9A8BBC8E-CD74-4407-900F-118A804E9600}.Debug|x64.Build.0 = Debug|x64
		{9A8BBC8E-CD74-4407-900F-118A804E9600}.Debug|x86.ActiveCfg = Debug|Win32
		{9A8BBC8E-CD74-4407-900F-118A804E9600}.Debug|x86.Build.0 = Debug|Win32
		{9A8BBC8E-CD74-4407-900F-118A804E9600}.Release|x64.ActiveCfg = Release|x64
		{9A8BBC8E-CD74-4407-900F-118A804E9600}.Release|x64.Build.0 = Release|x64
		{9A8BBC8E-CD74-4407-900F-118A804E9600}.Release|x86.ActiveCfg = Release|Win32
		{9A8BBC8E-CD74-4407-900F-118A804E9600}.Release|x86.Build.0 = Release|Win32
		{46F6264F-9294-4F9B-924F-C65520F0E400}.Debug|x64.ActiveCfg = Debug|x64
		{46F6264F-9294-4F9B-924F-C65520F0E400}.Debug|x64.Build.0 = Debug|x64
		{46F6264F-9294-4F9B-924F-C65520F0E400}.Debug|x86.ActiveCfg = Debug|Win32
		{46F6264F-9294-4F9B-924F-C65520F0E400}.Debug|x86.Build.0 = Debug|Win32
		{46F6264F-9294-4F9B-924F-C65520F0E400}.Release|x64.ActiveCfg = Release|x64
		{46F6264F-9294-4F9B-924F-C65520F0E400}.Release|x64.Build.0 = Release|x64
		{46F6264F-9294-4F9B-924F-C65520F0E400}.Release|x86.ActiveCfg = Release|Win32
		{46F6264F-9294-4F9B-924F-C65520F0E400}.Release|x86.Build.0 = Release|Win32
		{A1C54097-56D9-4DC8-A97D-09076EA95F80}.Debug|x64.ActiveCfg = Debug|x64
		{A1C54097-56D9-4DC8-A97D-09076EA95F80}.Debug|x64.Build.0 = Debug|x64
		{A1C54097-56D9-4DC8-A97D-09076EA95F80}.Debug|x86.ActiveCfg = Debug|Win32
		{A1C54097-56D9-4DC8-A97D-09076EA95F80}.Debug|x86.Build.0 = Debug|Win32
		{A1C54097-56D9-4DC8-A97D-09076EA95F80}.Release|x64.ActiveCfg = Release|x64
		{A1C54097-56D9-4DC8-A97D-09076EA95F80}.Release|x64.Build.0 = Release|x64
		{A1C54097-56D9-4DC8-A97D-09076EA95F80}.Release|x86.ActiveCfg = Release|Win32
		{A1C54097-56D9-4DC8-A97D-09076EA95F80}.Release|x86.Build.0 = Release|Win32
		{CF7BEE94-5719-4DA1-B8E0-ACE48B187D63}.Debug|x64.ActiveCfg = Debug|x64
		{CF7BEE94-5719-4DA1-B8E0-ACE48B187D63}.Debug|x64.Build.0 = Debug|x64
		{CF7BEE94-5719-4DA1-B8E0-ACE48B187D63}.Debug|x86.ActiveCfg = Debug|Win32
		{CF7BEE94-5719-4DA1-B8E0-ACE48B187D63}.Debug|x86.Build.0 = Debug|Win32
		{CF7BEE94-5719-4DA1-B8E0-ACE48B187D63}.Release|x64.ActiveCfg = Release|x64
		{CF7BEE94-5719-4DA1-B8E0-ACE48B187D63}.Release|x64.Build.0 = Release|x64
		{CF7BEE94-5719-4DA1-B8E0-ACE48B187D63}.Release|x86.ActiveCfg = Release|Win32
		{CF7BEE94-5719-4DA1-B8E0-ACE48B187D63}.Release|x86.Build.0 = Release|Win32
		{656E3F61-B37B-4850-A34C-17EEADA72D1B}.Debug|x64.ActiveCfg = Debug|x64
		{656E3F61-B37B-4850-A34C-17EEADA72D1B}.Debug|x64.Build.0 = Debug|x64
		{656E3F61-B37B-4850-A34C-17EEADA72D1B}.Debug|x86.ActiveCfg = Debug|Win32
		{656E3F61-B37B-4850-A34C-17EEADA72D1B}.Debug|x86.Build.0 = Debug|Win32
		{656E3F61-B37B-4850-A34C-17EEADA72D1B}.Release|x64.ActiveCfg = Release|x64
		{656E3F61-B37B-4850-A34C-17EEADA72D1B}.Release|x64.Build.0 = Release|x64
		{656E3F61-B37B-4850-A34C-17EEADA72D1B}.Release|x86.ActiveCfg = Release|Win32
		{656E3F61-B37B-4850-A34C-17EEADA72D1B}.Release|x86.Build.0 = Release|Win32
		{BC96F2C8-1FD4-4E7D-8032-A45A5F7A635A}.Debug|x64.ActiveCfg = Debug|x64
		{BC96F2C8-1FD4-4E7D-8032-A45A5F7A635A}.Debug|x64.Build.0 = Debug|x64
		{BC96F2C8-1FD4-4E7D-8032-A45A5F7A635A}.Debug|x86.ActiveCfg = Debug|Win32
		{BC96F2C8-1FD4-4E7D-8032-A45A5F7A635A}.Debug|x86.Build.0 = Debug|Win32
		{BC96F2C8-1FD4-4E7D-8032-A45A5F7A635A}.Release|x64.ActiveCfg = Release|x64
		{BC96F2C8-1FD4-4E7D-8032-A45A5F7A635A}.Release|x64.Build.0 = Release|x64
		{BC96F2C8-1FD4-4E7D-8032-A45A5F7A635A}.Release|x86.ActiveCfg = Release|Win32
		{BC96F2C8-1FD4-4E7D-8032-A45A5F7A635A}.Release|x86.Build.0 = Release|Win32
		{A280CF82-6205-4F76-9526-389DFDAFF7C3}.Debug|x64.ActiveCfg = Debug|x64
		{A280CF82-6205-4F76-9526-389DFDAFF7C3}.Debug|x64.Build.0 = Debug|x64
		{A280CF82-6205-4F76-9526-389DFDAFF7C3}.Debug|x86.ActiveCfg = Debug|Win32
		{A280CF82-6205-4F76-9526-389DFDAFF7C3}.Debug|x86.Build.0 = Debug|Win32
		{A280CF82-6205-4F76-9526-389DFDAFF7C3}.Release|x64.ActiveCfg = Release|x64
		{A280CF82-6205-4F76-9526-389DFDAFF7C3}.Release|x64.Build.0 = Release|x64
		{A280CF82-6205-4F76-9526-389DFDAFF7C3}.Release|x86.ActiveCfg = Release|Win32
		{A280CF82-6205-4F76-9526-389DFDAFF7C3}.Release|x86.Build.0 = Release|Win32
		{401D92E9-CA3A-4DC9-94DB-0DD138C72EE8}.Debug|x64.ActiveCfg = Debug|x64
		{401D92E9-CA3A-4DC9-94DB-0DD138C72EE8}.Debug|x64.Build.0 = Debug|x64
		{401D92E9-CA3A-4DC9-94DB-0DD138C72EE8}.Debug|x86.ActiveCfg = Debug|Win32
		{401D92E9-CA3A-4DC9-94DB-0DD138C72EE8}.Debug|x86.Build.0 = Debug|Win32
		{401D92E9-CA3A-4DC9-94DB-0DD138C72EE8}.Release|x64.ActiveCfg = Release|x64
		{401D92E9-CA3A-4DC9-94DB-0DD138C72EE8}.Release|x64.Build.0 = Release|x64
		{401D92E9-CA3A-4DC9-94DB-0DD138C72EE8}.Release|x86.ActiveCfg = Release|Win32
		{401D92E9-CA3A-4DC9-94DB-0DD138C72EE8}.Release|x86.Build.0 = Release|Win32
		{4EB8D1A7-0D9D-4937-955F-9A6730F952FE}.Debug|x64.ActiveCfg = Debug|x64
		{4EB8D1A7-0D9D-4937-955F-9A6730F952FE}.Debug|x64.Build.0 = Debug|x64
		{4EB8D1A7-0D9D-4937-955F-9A6730F952FE}.Debug|x86.ActiveCfg = Debug|Win32
		{4EB8D1A7-0D9D-4937-955F-9A6730F952FE}.Debug|x86.Build.0 = Debug|Win32
		{4EB8D1A7-0D9D-4937-955F-9A6730F952FE}.Release|x64.ActiveCfg = Release|x64
		{4EB8D1A7-0D9D-4937-955F-9A6730F952FE}.Release|x64.Build.0 = Release|x64
		{4EB8D1A7-0D9D-4937-955F-9A6730F952FE}.Release|x86.ActiveCfg = Release|Win32
		{4EB8D1A7-0D9D-4937-955F-9A6730F952FE}.Release|x86.Build.0 = Release|Win32
		{F5D50254-26A6-4AA7-A449-714C67FA1732}.Debug|x64.ActiveCfg = Debug|x64
		{F5D50254-26A6-4AA7-A449-714C67FA1732}.Debug|x64.Build.0 = Debug|x64
		{F5D50254-26A6-4AA7-A449-714C67FA1732}.Debug|x86.ActiveCfg = Debug|Win32
		{F5D50254-26A6-4AA7-A449-714C67FA1732}.Debug|x86.Build.0 = Debug|Win32
		{F5D50254-26A6-4AA7-A449-714C67FA1732}.Release|x64.ActiveCfg = Release|x64
		{F5D50254-26A6-4AA7-A449-714C67FA1732}.Release|x64.Build.0 = Release|x64
		{F5D50254-26A6-4AA7-A449-714C67FA1732}.Release|x86.ActiveCfg = Release|Win32
		{F5D50254-26A6-4AA7-A449-714C67FA1732}.Release|x86.Build.0 = Release|Win32
		{CD05ABDF-6AC7-4ED7-B1AE-F9004F578901}.Debug|x64.ActiveCfg = Debug|x64
		{CD05ABDF-6AC7-4ED7-B1AE-F9004F578901}.Debug|x64.Build.0 = Debug|x64
		{CD05ABDF-6AC7-4ED7-B1AE-F9004F578901}.Debug|x86.ActiveCfg = Debug|Win32
		{CD05ABDF-6AC7-4ED7-B1AE-F9004F578901}.Debug|x86.Build.0 = Debug|Win32
		{CD05ABDF-6AC7-4ED7-B1AE-F9004F578901}.Release|x64.ActiveCfg = Release|x64
		{CD05ABDF-6AC7-4ED7-B1AE-F9004F578901}.Release|x64.Build.0 = Release|x64
		{CD05ABDF-6AC7-4ED7-B1AE-F9004F578901}.Release|x86.ActiveCfg = Release|Win32
		{CD05ABDF-6AC7-4ED7-B1AE-F9004F578901}.Release|x86.Build.0 = Release|Win32
		{7F1987A2-328C-4B4E-AB97-F432651453AD}.Debug|x64.ActiveCfg = Debug|x64
		{7F1987A2-328C-4B4E-AB97-F432651453AD}.Debug|x64.Build.0 = Debug|x64
		{7F1987A2-328C-4B4E-AB97-F432651453AD}.Debug|x86.ActiveCfg = Debug|Win32
		{7F1987A2-328C-4B4E-AB97-F432651453AD}.Debug|x86.Build.0 = Debug|Win32
		{7F1987A2-328C-4B4E-AB97-F432651453AD}.Release|x64.ActiveCfg = Release|x64
		{7F1987A2-328C-4B4E-AB97-F432651453AD}.Release|x64.Build.0 = Release|x64
		{7F1987A2-328C-4B4E-AB97-F432651453AD}.Release|x86.ActiveCfg = Release|Win32
		{7F1987A2-328C-4B4E-AB97-F432651453AD}.Release|x86.Build.0 = Release|Win32
		{4A61A544-0514-400E-B8D3-CAAFCC201BC9}.Debug|x64.ActiveCfg = Debug|x64
		{4A61A544-0514-400E-B8D3-CAAFCC201BC9}.Debug|x64.Build.0 = Debug|x64
		{4A61A544-0514-400E-B8D3-CAAFCC201BC9}.Debug|x86.ActiveCfg = Debug|Win32
		{4A61A544-0514-400E-B8D3-CAAFCC201BC9}.Debug|x86.Build.0 = Debug|Win32
		{4A61A544-0514-400E-B8D3-CAAFCC201BC9}.Release|x64.ActiveCfg = Release|x64
		{4A61A544-0514-400E-B8D3-CAAFCC201BC9}.Release|x64.Build.0 = Release|x64
		{4A61A544-0514-400E-B8D3-CAAFCC201BC9}.Release|x86.ActiveCfg = Release|Win32
		{4A61A544-0514-400E-B8D3-CAAFCC201BC9}.Release|x86.Build.0 = Release|Win32
		{BE29FA34-B9F5-43FF-B2B7-07E510B58702}.Debug|x64.ActiveCfg = Debug|x64
		{BE29FA34-B9F5-43FF-B2B7-07E510B58702}.Debug|x64.Build.0 = Debug|x64
		{BE29FA34-B9F5-43FF-B2B7-07E510B58702}.Debug|x86.ActiveCfg = Debug|Win32
		{BE29FA34-B9F5-43FF-B2B7-07E510B58702}.Debug|x86.Build.0 = Debug|Win32
		{BE29FA34-B9F5-43FF-B2B7-07E510B58702}.Release|x64.ActiveCfg = Release|x64
		{BE29FA34-B9F5-43FF-B2B7-07E510B58702}.Release|x64.Build.0 = Release|x64
		{BE29FA34-B9F5-43FF-B2B7-07E510B58702}.Release|x86.ActiveCfg = Release|Win32
		{BE29FA34-B9F5-43FF-B2B7-07E510B58702}.Release|x86.Build.0 = Release|Win32
		{62F23293-CB5C-4AF2-AEB9-ED18CF2D35E8}.Debug|x64.ActiveCfg = Debug|x64
		{62F23293-CB5C-4AF2-AEB9-ED18CF2D35E8}.Debug|x64.Build.0 = Debug|x64
		{62F23293-CB5C-4AF2-AEB9-ED18CF2D35E8}.Debug|x86.ActiveCfg = Debug|Win32
		{62F23293-CB5C-4AF2-AEB9-ED18CF2D35E8}.Debug|x86.Build.0 = Debug|Win32
		{62F23293-CB5C-4AF2-AEB9-ED18CF2D35E8}.Release|x64.ActiveCfg = Release|x64
		{62F23293-CB5C-4AF2-AEB9-ED18CF2D35E8}.Release|x64.Build.0 = Release|x64
		{62F23293-CB5C-4AF2-AEB9-ED18CF2D35E8}.Release|x86.ActiveCfg = Release|Win32
		{62F23293-CB5C-4AF2-AEB9-ED18CF2D35E8}.Release|x86.Build.0 = Release|Win32
	EndGlobalSection
	GlobalSection(SolutionProperties) = preSolution
		HideSolutionNode = FALSE
	EndGlobalSection
EndGlobal
